
Microsoft Visual Studio Solution File, Format Version 12.00
Project("{FAE04EC0-301F-11D3-BF4B-00C04F79EFBC}") = "Domain", "src\Domain\Domain.csproj", "{BB464FFF-42F5-472F-80C2-A9E588500E7A}"
EndProject
Project("{FAE04EC0-301F-11D3-BF4B-00C04F79EFBC}") = "Application", "src\Application\Application.csproj", "{72ECCC1C-1400-4B32-BF70-6FB5499149FA}"
EndProject
Project("{FAE04EC0-301F-11D3-BF4B-00C04F79EFBC}") = "Infrastructure", "src\Infrastructure\Infrastructure.csproj", "{912CDDBC-ABF0-45DF-B803-8DFCB3A33C31}"
EndProject
Project("{FAE04EC0-301F-11D3-BF4B-00C04F79EFBC}") = "Api", "src\Api\Api.csproj", "{26C99AEF-6B4E-41B6-B463-4051C21830BF}"
EndProject
Project("{FAE04EC0-301F-11D3-BF4B-00C04F79EFBC}") = "Web", "src\Web\Web.csproj", "{0F7ADC8E-D85A-4B86-8885-A8633463315A}"
EndProject
Project("{FAE04EC0-301F-11D3-BF4B-00C04F79EFBC}") = "Application.Test", "test\Application.Test\Application.Test.csproj", "{18B7F3EC-3F4F-4E98-B274-641948DE6C8F}"
EndProject
Project("{FAE04EC0-301F-11D3-BF4B-00C04F79EFBC}") = "Domain.Test", "test\Domain.Test\Domain.Test.csproj", "{F31ED111-3D6A-472A-831F-9D46E98692B6}"
EndProject
Project("{FAE04EC0-301F-11D3-BF4B-00C04F79EFBC}") = "Infrastructure.Test", "test\Infrastructure.Test\Infrastructure.Test.csproj", "{27CAE998-8F8D-4F6D-832D-0C66E6269C2E}"
EndProject
Project("{FAE04EC0-301F-11D3-BF4B-00C04F79EFBC}") = "Web.Test", "test\Web.Test\Web.Test.csproj", "{72665095-42B7-4E4A-8019-1B6EF259C31B}"
EndProject
Project("{FAE04EC0-301F-11D3-BF4B-00C04F79EFBC}") = "BlazorApp1", "BlazorApp1\BlazorApp1.csproj", "{1551E21D-51D1-43BB-91EF-6CAB9B797274}"
EndProject
Global
	GlobalSection(SolutionConfigurationPlatforms) = preSolution
		Debug|Any CPU = Debug|Any CPU
		Release|Any CPU = Release|Any CPU
	EndGlobalSection
	GlobalSection(ProjectConfigurationPlatforms) = postSolution
		{BB464FFF-42F5-472F-80C2-A9E588500E7A}.Debug|Any CPU.ActiveCfg = Debug|Any CPU
		{BB464FFF-42F5-472F-80C2-A9E588500E7A}.Debug|Any CPU.Build.0 = Debug|Any CPU
		{BB464FFF-42F5-472F-80C2-A9E588500E7A}.Release|Any CPU.ActiveCfg = Release|Any CPU
		{BB464FFF-42F5-472F-80C2-A9E588500E7A}.Release|Any CPU.Build.0 = Release|Any CPU
		{72ECCC1C-1400-4B32-BF70-6FB5499149FA}.Debug|Any CPU.ActiveCfg = Debug|Any CPU
		{72ECCC1C-1400-4B32-BF70-6FB5499149FA}.Debug|Any CPU.Build.0 = Debug|Any CPU
		{72ECCC1C-1400-4B32-BF70-6FB5499149FA}.Release|Any CPU.ActiveCfg = Release|Any CPU
		{72ECCC1C-1400-4B32-BF70-6FB5499149FA}.Release|Any CPU.Build.0 = Release|Any CPU
		{912CDDBC-ABF0-45DF-B803-8DFCB3A33C31}.Debug|Any CPU.ActiveCfg = Debug|Any CPU
		{912CDDBC-ABF0-45DF-B803-8DFCB3A33C31}.Debug|Any CPU.Build.0 = Debug|Any CPU
		{912CDDBC-ABF0-45DF-B803-8DFCB3A33C31}.Release|Any CPU.ActiveCfg = Release|Any CPU
		{912CDDBC-ABF0-45DF-B803-8DFCB3A33C31}.Release|Any CPU.Build.0 = Release|Any CPU
		{26C99AEF-6B4E-41B6-B463-4051C21830BF}.Debug|Any CPU.ActiveCfg = Debug|Any CPU
		{26C99AEF-6B4E-41B6-B463-4051C21830BF}.Debug|Any CPU.Build.0 = Debug|Any CPU
		{26C99AEF-6B4E-41B6-B463-4051C21830BF}.Release|Any CPU.ActiveCfg = Release|Any CPU
		{26C99AEF-6B4E-41B6-B463-4051C21830BF}.Release|Any CPU.Build.0 = Release|Any CPU
		{0F7ADC8E-D85A-4B86-8885-A8633463315A}.Debug|Any CPU.ActiveCfg = Debug|Any CPU
		{0F7ADC8E-D85A-4B86-8885-A8633463315A}.Debug|Any CPU.Build.0 = Debug|Any CPU
		{0F7ADC8E-D85A-4B86-8885-A8633463315A}.Release|Any CPU.ActiveCfg = Release|Any CPU
		{0F7ADC8E-D85A-4B86-8885-A8633463315A}.Release|Any CPU.Build.0 = Release|Any CPU
		{18B7F3EC-3F4F-4E98-B274-641948DE6C8F}.Debug|Any CPU.ActiveCfg = Debug|Any CPU
		{18B7F3EC-3F4F-4E98-B274-641948DE6C8F}.Debug|Any CPU.Build.0 = Debug|Any CPU
		{18B7F3EC-3F4F-4E98-B274-641948DE6C8F}.Release|Any CPU.ActiveCfg = Release|Any CPU
		{18B7F3EC-3F4F-4E98-B274-641948DE6C8F}.Release|Any CPU.Build.0 = Release|Any CPU
		{F31ED111-3D6A-472A-831F-9D46E98692B6}.Debug|Any CPU.ActiveCfg = Debug|Any CPU
		{F31ED111-3D6A-472A-831F-9D46E98692B6}.Debug|Any CPU.Build.0 = Debug|Any CPU
		{F31ED111-3D6A-472A-831F-9D46E98692B6}.Release|Any CPU.ActiveCfg = Release|Any CPU
		{F31ED111-3D6A-472A-831F-9D46E98692B6}.Release|Any CPU.Build.0 = Release|Any CPU
		{27CAE998-8F8D-4F6D-832D-0C66E6269C2E}.Debug|Any CPU.ActiveCfg = Debug|Any CPU
		{27CAE998-8F8D-4F6D-832D-0C66E6269C2E}.Debug|Any CPU.Build.0 = Debug|Any CPU
		{27CAE998-8F8D-4F6D-832D-0C66E6269C2E}.Release|Any CPU.ActiveCfg = Release|Any CPU
		{27CAE998-8F8D-4F6D-832D-0C66E6269C2E}.Release|Any CPU.Build.0 = Release|Any CPU
		{72665095-42B7-4E4A-8019-1B6EF259C31B}.Debug|Any CPU.ActiveCfg = Debug|Any CPU
		{72665095-42B7-4E4A-8019-1B6EF259C31B}.Debug|Any CPU.Build.0 = Debug|Any CPU
		{72665095-42B7-4E4A-8019-1B6EF259C31B}.Release|Any CPU.ActiveCfg = Release|Any CPU
		{72665095-42B7-4E4A-8019-1B6EF259C31B}.Release|Any CPU.Build.0 = Release|Any CPU
		{1551E21D-51D1-43BB-91EF-6CAB9B797274}.Debug|Any CPU.ActiveCfg = Debug|Any CPU
		{1551E21D-51D1-43BB-91EF-6CAB9B797274}.Debug|Any CPU.Build.0 = Debug|Any CPU
		{1551E21D-51D1-43BB-91EF-6CAB9B797274}.Release|Any CPU.ActiveCfg = Release|Any CPU
		{1551E21D-51D1-43BB-91EF-6CAB9B797274}.Release|Any CPU.Build.0 = Release|Any CPU
	EndGlobalSection
EndGlobal
